
Microsoft Visual Studio Solution File, Format Version 12.00
# Visual Studio Version 17
VisualStudioVersion = 17.13.35931.197 d17.13
MinimumVisualStudioVersion = 10.0.40219.1
Project("{FAE04EC0-301F-11D3-BF4B-00C04F79EFBC}") = "TicTacToe 2804 H1", "TicTacToe 2804 H1.csproj", "{A64D6371-042E-4283-92FD-8F859E939323}"
EndProject
Global
	GlobalSection(SolutionConfigurationPlatforms) = preSolution
		Debug|Any CPU = Debug|Any CPU
		Release|Any CPU = Release|Any CPU
	EndGlobalSection
	GlobalSection(ProjectConfigurationPlatforms) = postSolution
		{A64D6371-042E-4283-92FD-8F859E939323}.Debug|Any CPU.ActiveCfg = Debug|Any CPU
		{A64D6371-042E-4283-92FD-8F859E939323}.Debug|Any CPU.Build.0 = Debug|Any CPU
		{A64D6371-042E-4283-92FD-8F859E939323}.Release|Any CPU.ActiveCfg = Release|Any CPU
		{A64D6371-042E-4283-92FD-8F859E939323}.Release|Any CPU.Build.0 = Release|Any CPU
	EndGlobalSection
	GlobalSection(SolutionProperties) = preSolution
		HideSolutionNode = FALSE
	EndGlobalSection
	GlobalSection(ExtensibilityGlobals) = postSolution
		SolutionGuid = {7C377FC2-516C-4C25-8C2C-A1F5D0AD6521}
	EndGlobalSection
EndGlobal
